
Microsoft Visual Studio Solution File, Format Version 12.00
# Visual Studio Version 17
VisualStudioVersion = 17.2.32630.192
MinimumVisualStudioVersion = 10.0.40219.1
Project("{FAE04EC0-301F-11D3-BF4B-00C04F79EFBC}") = "Chess", "Chess.csproj", "{FD6D9D6F-3E30-404E-8C88-0E4682EBD83A}"
EndProject
Global
	GlobalSection(SolutionConfigurationPlatforms) = preSolution
		Debug|Any CPU = Debug|Any CPU
		Release|Any CPU = Release|Any CPU
	EndGlobalSection
	GlobalSection(ProjectConfigurationPlatforms) = postSolution
		{FD6D9D6F-3E30-404E-8C88-0E4682EBD83A}.Debug|Any CPU.ActiveCfg = Debug|Any CPU
		{FD6D9D6F-3E30-404E-8C88-0E4682EBD83A}.Debug|Any CPU.Build.0 = Debug|Any CPU
		{FD6D9D6F-3E30-404E-8C88-0E4682EBD83A}.Release|Any CPU.ActiveCfg = Release|Any CPU
		{FD6D9D6F-3E30-404E-8C88-0E4682EBD83A}.Release|Any CPU.Build.0 = Release|Any CPU
	EndGlobalSection
	GlobalSection(SolutionProperties) = preSolution
		HideSolutionNode = FALSE
	EndGlobalSection
	GlobalSection(ExtensibilityGlobals) = postSolution
		SolutionGuid = {24D108E4-C882-4DEB-A0B5-8D9FAF8D513F}
	EndGlobalSection
EndGlobal
